
Microsoft Visual Studio Solution File, Format Version 12.00
# Visual Studio Version 17
VisualStudioVersion = 17.2.32602.215
MinimumVisualStudioVersion = 10.0.40219.1
Project("{9A19103F-16F7-4668-BE54-9A1E7A4F7556}") = "CalendarApp", "CalendarApp.csproj", "{770C1A9F-5044-401A-863D-FE68751A8F1A}"
EndProject
Project("{9A19103F-16F7-4668-BE54-9A1E7A4F7556}") = "CALENDAR.Data", "..\CALENDAR.Data\CALENDAR.Data.csproj", "{8E13620B-98F5-4FC4-B37B-F539CB316FB3}"
EndProject
Project("{9A19103F-16F7-4668-BE54-9A1E7A4F7556}") = "CALENDAR.Entity", "..\CALENDAR.Entity\CALENDAR.Entity.csproj", "{0BFE7A57-FB89-4B51-A4B3-C68139624238}"
EndProject
Project("{9A19103F-16F7-4668-BE54-9A1E7A4F7556}") = "CalendarApp.Web", "..\CalendarApp.Web\CalendarApp.Web.csproj", "{1744F036-6D29-413B-A24B-7E66917F4AFB}"
EndProject
Project("{9A19103F-16F7-4668-BE54-9A1E7A4F7556}") = "CALENDAR.Migrations", "..\CALENDAR.Migrations\CALENDAR.Migrations.csproj", "{40BD988A-68FB-41F6-8CD7-ABD2C8DFA732}"
EndProject
Project("{9A19103F-16F7-4668-BE54-9A1E7A4F7556}") = "CALENDAR.Helpers", "..\CALENDAR.Helpers\CALENDAR.Helpers.csproj", "{34B3C879-1437-4B5A-8A3B-FE2A81ECC92E}"
EndProject
Project("{9A19103F-16F7-4668-BE54-9A1E7A4F7556}") = "CALENDAR.BusinessLogic", "..\CALENDAR.BusinessLogic\CALENDAR.BusinessLogic.csproj", "{7D5AB183-0480-47BB-93A5-7DE6DCF81A30}"
EndProject
Project("{FAE04EC0-301F-11D3-BF4B-00C04F79EFBC}") = "EmailReminderService", "..\EmailReminderService\EmailReminderService.csproj", "{D89C5809-BF5B-4EE4-B1D0-27D230524AFB}"
EndProject
Global
	GlobalSection(SolutionConfigurationPlatforms) = preSolution
		Debug|Any CPU = Debug|Any CPU
		Release|Any CPU = Release|Any CPU
	EndGlobalSection
	GlobalSection(ProjectConfigurationPlatforms) = postSolution
		{770C1A9F-5044-401A-863D-FE68751A8F1A}.Debug|Any CPU.ActiveCfg = Debug|Any CPU
		{770C1A9F-5044-401A-863D-FE68751A8F1A}.Debug|Any CPU.Build.0 = Debug|Any CPU
		{770C1A9F-5044-401A-863D-FE68751A8F1A}.Release|Any CPU.ActiveCfg = Release|Any CPU
		{770C1A9F-5044-401A-863D-FE68751A8F1A}.Release|Any CPU.Build.0 = Release|Any CPU
		{8E13620B-98F5-4FC4-B37B-F539CB316FB3}.Debug|Any CPU.ActiveCfg = Debug|Any CPU
		{8E13620B-98F5-4FC4-B37B-F539CB316FB3}.Debug|Any CPU.Build.0 = Debug|Any CPU
		{8E13620B-98F5-4FC4-B37B-F539CB316FB3}.Release|Any CPU.ActiveCfg = Release|Any CPU
		{8E13620B-98F5-4FC4-B37B-F539CB316FB3}.Release|Any CPU.Build.0 = Release|Any CPU
		{0BFE7A57-FB89-4B51-A4B3-C68139624238}.Debug|Any CPU.ActiveCfg = Debug|Any CPU
		{0BFE7A57-FB89-4B51-A4B3-C68139624238}.Debug|Any CPU.Build.0 = Debug|Any CPU
		{0BFE7A57-FB89-4B51-A4B3-C68139624238}.Release|Any CPU.ActiveCfg = Release|Any CPU
		{0BFE7A57-FB89-4B51-A4B3-C68139624238}.Release|Any CPU.Build.0 = Release|Any CPU
		{1744F036-6D29-413B-A24B-7E66917F4AFB}.Debug|Any CPU.ActiveCfg = Debug|Any CPU
		{1744F036-6D29-413B-A24B-7E66917F4AFB}.Debug|Any CPU.Build.0 = Debug|Any CPU
		{1744F036-6D29-413B-A24B-7E66917F4AFB}.Release|Any CPU.ActiveCfg = Release|Any CPU
		{1744F036-6D29-413B-A24B-7E66917F4AFB}.Release|Any CPU.Build.0 = Release|Any CPU
		{40BD988A-68FB-41F6-8CD7-ABD2C8DFA732}.Debug|Any CPU.ActiveCfg = Debug|Any CPU
		{40BD988A-68FB-41F6-8CD7-ABD2C8DFA732}.Debug|Any CPU.Build.0 = Debug|Any CPU
		{40BD988A-68FB-41F6-8CD7-ABD2C8DFA732}.Release|Any CPU.ActiveCfg = Release|Any CPU
		{40BD988A-68FB-41F6-8CD7-ABD2C8DFA732}.Release|Any CPU.Build.0 = Release|Any CPU
		{34B3C879-1437-4B5A-8A3B-FE2A81ECC92E}.Debug|Any CPU.ActiveCfg = Debug|Any CPU
		{34B3C879-1437-4B5A-8A3B-FE2A81ECC92E}.Debug|Any CPU.Build.0 = Debug|Any CPU
		{34B3C879-1437-4B5A-8A3B-FE2A81ECC92E}.Release|Any CPU.ActiveCfg = Release|Any CPU
		{34B3C879-1437-4B5A-8A3B-FE2A81ECC92E}.Release|Any CPU.Build.0 = Release|Any CPU
		{7D5AB183-0480-47BB-93A5-7DE6DCF81A30}.Debug|Any CPU.ActiveCfg = Debug|Any CPU
		{7D5AB183-0480-47BB-93A5-7DE6DCF81A30}.Debug|Any CPU.Build.0 = Debug|Any CPU
		{7D5AB183-0480-47BB-93A5-7DE6DCF81A30}.Release|Any CPU.ActiveCfg = Release|Any CPU
		{7D5AB183-0480-47BB-93A5-7DE6DCF81A30}.Release|Any CPU.Build.0 = Release|Any CPU
		{D89C5809-BF5B-4EE4-B1D0-27D230524AFB}.Debug|Any CPU.ActiveCfg = Debug|Any CPU
		{D89C5809-BF5B-4EE4-B1D0-27D230524AFB}.Debug|Any CPU.Build.0 = Debug|Any CPU
		{D89C5809-BF5B-4EE4-B1D0-27D230524AFB}.Release|Any CPU.ActiveCfg = Release|Any CPU
		{D89C5809-BF5B-4EE4-B1D0-27D230524AFB}.Release|Any CPU.Build.0 = Release|Any CPU
	EndGlobalSection
	GlobalSection(SolutionProperties) = preSolution
		HideSolutionNode = FALSE
	EndGlobalSection
	GlobalSection(ExtensibilityGlobals) = postSolution
		SolutionGuid = {EFD33ECC-0E75-4ABA-8B62-F66F5C307309}
	EndGlobalSection
EndGlobal
